
Microsoft Visual Studio Solution File, Format Version 12.00
# Visual Studio Version 17
VisualStudioVersion = 17.0.31903.59
MinimumVisualStudioVersion = 10.0.40219.1
Project("{FAE04EC0-301F-11D3-BF4B-00C04F79EFBC}") = "BudLocal", "BudLocal\BudLocal.csproj", "{98C8B5E3-FBFF-4BD0-BAA1-E8DEC80DD32D}"
EndProject
Project("{FAE04EC0-301F-11D3-BF4B-00C04F79EFBC}") = "BudLocalTests", "BudLocalTests\BudLocalTests.csproj", "{D4E1C214-32C0-43E6-8DE2-B55F1DADC9A1}"
EndProject
Global
	GlobalSection(SolutionConfigurationPlatforms) = preSolution
		Debug|Any CPU = Debug|Any CPU
		Debug|x64 = Debug|x64
		Debug|x86 = Debug|x86
		Release|Any CPU = Release|Any CPU
		Release|x64 = Release|x64
		Release|x86 = Release|x86
	EndGlobalSection
	GlobalSection(ProjectConfigurationPlatforms) = postSolution
		{98C8B5E3-FBFF-4BD0-BAA1-E8DEC80DD32D}.Debug|Any CPU.ActiveCfg = Debug|Any CPU
		{98C8B5E3-FBFF-4BD0-BAA1-E8DEC80DD32D}.Debug|Any CPU.Build.0 = Debug|Any CPU
		{98C8B5E3-FBFF-4BD0-BAA1-E8DEC80DD32D}.Debug|x64.ActiveCfg = Debug|Any CPU
		{98C8B5E3-FBFF-4BD0-BAA1-E8DEC80DD32D}.Debug|x64.Build.0 = Debug|Any CPU
		{98C8B5E3-FBFF-4BD0-BAA1-E8DEC80DD32D}.Debug|x86.ActiveCfg = Debug|Any CPU
		{98C8B5E3-FBFF-4BD0-BAA1-E8DEC80DD32D}.Debug|x86.Build.0 = Debug|Any CPU
		{98C8B5E3-FBFF-4BD0-BAA1-E8DEC80DD32D}.Release|Any CPU.ActiveCfg = Release|Any CPU
		{98C8B5E3-FBFF-4BD0-BAA1-E8DEC80DD32D}.Release|Any CPU.Build.0 = Release|Any CPU
		{98C8B5E3-FBFF-4BD0-BAA1-E8DEC80DD32D}.Release|x64.ActiveCfg = Release|Any CPU
		{98C8B5E3-FBFF-4BD0-BAA1-E8DEC80DD32D}.Release|x64.Build.0 = Release|Any CPU
		{98C8B5E3-FBFF-4BD0-BAA1-E8DEC80DD32D}.Release|x86.ActiveCfg = Release|Any CPU
		{98C8B5E3-FBFF-4BD0-BAA1-E8DEC80DD32D}.Release|x86.Build.0 = Release|Any CPU
		{D4E1C214-32C0-43E6-8DE2-B55F1DADC9A1}.Debug|Any CPU.ActiveCfg = Debug|Any CPU
		{D4E1C214-32C0-43E6-8DE2-B55F1DADC9A1}.Debug|Any CPU.Build.0 = Debug|Any CPU
		{D4E1C214-32C0-43E6-8DE2-B55F1DADC9A1}.Debug|x64.ActiveCfg = Debug|Any CPU
		{D4E1C214-32C0-43E6-8DE2-B55F1DADC9A1}.Debug|x64.Build.0 = Debug|Any CPU
		{D4E1C214-32C0-43E6-8DE2-B55F1DADC9A1}.Debug|x86.ActiveCfg = Debug|Any CPU
		{D4E1C214-32C0-43E6-8DE2-B55F1DADC9A1}.Debug|x86.Build.0 = Debug|Any CPU
		{D4E1C214-32C0-43E6-8DE2-B55F1DADC9A1}.Release|Any CPU.ActiveCfg = Release|Any CPU
		{D4E1C214-32C0-43E6-8DE2-B55F1DADC9A1}.Release|Any CPU.Build.0 = Release|Any CPU
		{D4E1C214-32C0-43E6-8DE2-B55F1DADC9A1}.Release|x64.ActiveCfg = Release|Any CPU
		{D4E1C214-32C0-43E6-8DE2-B55F1DADC9A1}.Release|x64.Build.0 = Release|Any CPU
		{D4E1C214-32C0-43E6-8DE2-B55F1DADC9A1}.Release|x86.ActiveCfg = Release|Any CPU
		{D4E1C214-32C0-43E6-8DE2-B55F1DADC9A1}.Release|x86.Build.0 = Release|Any CPU
	EndGlobalSection
	GlobalSection(SolutionProperties) = preSolution
		HideSolutionNode = FALSE
	EndGlobalSection
EndGlobal
